<?xml version="1.0" encoding="UTF-8"?>
<Scheme
   version = "1.3">
   <BuildAction>
      <BuildActionEntries>
         <BuildActionEntry
            buildForRunning = "YES">
            <BuildableReference
               BuildableIdentifier = "primary"
               BlueprintIdentifier = "7953017C21D83E7D00771AA9"
               BuildableName = "BrainKeyLogger.app"
               BlueprintName = "BrainKeyLogger"
               ReferencedContainer = "container:BrainKeyLogger.xcodeproj">
            </BuildableReference>
         </BuildActionEntry>
      </BuildActionEntries>
   </BuildAction>
   <LaunchAction
      useCustomWorkingDirectory = "NO"
      buildConfiguration = "Debug"
      allowLocationSimulation = "YES">
      <BuildableProductRunnable>
         <BuildableReference
            BuildableIdentifier = "primary"
            BlueprintIdentifier = "7953017C21D83E7D00771AA9"
            BuildableName = "BrainKeyLogger.app"
            BlueprintName = "BrainKeyLogger"
            ReferencedContainer = "container:BrainKeyLogger.xcodeproj">
         </BuildableReference>
      </BuildableProductRunnable>
   </LaunchAction>
</Scheme>
